
Microsoft Visual Studio Solution File, Format Version 12.00
# Visual Studio Express 2012 for Web
Project("{E24C65DC-7377-472B-9ABA-BC803B73C61A}") = "capacitacion", ".", "{3A734DD8-9AB5-4452-BBC0-2638D62B86A3}"
	ProjectSection(WebsiteProperties) = preProject
		TargetFrameworkMoniker = ".NETFramework,Version%3Dv4.5"
		Debug.AspNetCompiler.VirtualPath = "/capacitacion"
		Debug.AspNetCompiler.PhysicalPath = "..\capacitacion\"
		Debug.AspNetCompiler.TargetPath = "PrecompiledWeb\capacitacion\"
		Debug.AspNetCompiler.Updateable = "true"
		Debug.AspNetCompiler.ForceOverwrite = "true"
		Debug.AspNetCompiler.FixedNames = "false"
		Debug.AspNetCompiler.Debug = "True"
		Release.AspNetCompiler.VirtualPath = "/capacitacion"
		Release.AspNetCompiler.PhysicalPath = "..\capacitacion\"
		Release.AspNetCompiler.TargetPath = "PrecompiledWeb\capacitacion\"
		Release.AspNetCompiler.Updateable = "true"
		Release.AspNetCompiler.ForceOverwrite = "true"
		Release.AspNetCompiler.FixedNames = "false"
		Release.AspNetCompiler.Debug = "False"
		VWDPort = "59537"
	EndProjectSection
EndProject
Global
	GlobalSection(SolutionConfigurationPlatforms) = preSolution
		Debug|Any CPU = Debug|Any CPU
	EndGlobalSection
	GlobalSection(ProjectConfigurationPlatforms) = postSolution
		{3A734DD8-9AB5-4452-BBC0-2638D62B86A3}.Debug|Any CPU.ActiveCfg = Debug|Any CPU
		{3A734DD8-9AB5-4452-BBC0-2638D62B86A3}.Debug|Any CPU.Build.0 = Debug|Any CPU
	EndGlobalSection
	GlobalSection(SolutionProperties) = preSolution
		HideSolutionNode = FALSE
	EndGlobalSection
EndGlobal
